lockfileVersion: '9.0'

settings:
  autoInstallPeers: true
  excludeLinksFromLockfile: false

importers:

  .:
    devDependencies:
      skills:
        specifier: 1.4.6
        version: 1.4.6

packages:

  skills@1.4.6:
    resolution: {integrity: sha512-6YWJl/MgxJxt5Ydqj+TBOtql4aZWrrM7pmOy6NzuXZtLUeepN+c/0A8+QLX3j8IxZwa10mmWp7R63TWhptZLkA==}
    engines: {node: '>=18'}
    hasBin: true

snapshots:

  skills@1.4.6: {}
